github.com/Sirupsen/logrus v0.0.0-20170822132746-89742aefa4b2 h1:k1A7eIeUk6rnX2yuagwljW/pDezkK8oSpvPumT9zdZY=
github.com/Sirupsen/logrus v0.0.0-20170822132746-89742aefa4b2/go.mod h1:rmk17hk6i8ZSAJkSDa7nOxamrG+SP4P0mm+DAvExv4U=
github.com/aws/aws-sdk-go v0.0.0-20170906173017-58370dfb7321 h1:6g8hh/iZ+trn5UG4eSvojAkziavuMWamOCyOy9GSZEU=
github.com/aws/aws-sdk-go v0.0.0-20170906173017-58370dfb7321/go.mod h1:ZRmQr0FajVIyZ4ZzBYKG5P3ZqPz9IHG41ZoMu1ADI3k=
github.com/aws/aws-sdk-go v1.24.0 h1:TtQCY3HaFXeo1yg2JAdfSbpN/Nsd9V5SCfDksEf2nSE=
github.com/aws/aws-sdk-go v1.24.0/go.mod h1:KmX6BPdI08NWTb3/sm4ZGu5ShLoqVDhKgpiN924inxo=
github.com/beorn7/perks v0.0.0-20160804104726-4c0e84591b9a h1:BtpsbiV638WQZwhA98cEZw2BsbnQJrbd0BI7tsy0W1c=
github.com/beorn7/perks v0.0.0-20160804104726-4c0e84591b9a/go.mod h1:Dwedo/Wpr24TaqPxmxbtue+5NUziq4I4S80YR8gNf3Q=
github.com/coveo/ecs-exporter v1.1.1 h1:J4ocKb4flV0bQ5YzZERLeUPpLp5onAAhjdtLOfAvc2Q=
github.com/coveo/ecs-exporter v1.1.1/go.mod h1:hcIbWMUqihnwewtCm4BK+9fmWAs+Q1RP04VUVbmW6+w=
github.com/davecgh/go-spew v1.1.0 h1:ZDRjVQ15GmhC3fiQ8ni8+OwkZQO4DARzQgrnXU1Liz8=
github.com/davecgh/go-spew v1.1.0/go.mod h1:J7Y8YcW2NihsgmVo/mv3lAwl/skON4iLHjSsI+c5H38=
github.com/go-ini/ini v0.0.0-20170813052230-c787282c39ac h1:elGsdnnDSIyzuQPuCOULChCGUKGy7yt1qeq+8JBy4KA=
github.com/go-ini/ini v0.0.0-20170813052230-c787282c39ac/go.mod h1:ByCAeIL28uOIIG0E3PJtZPDL8WnHpFKFOtgjp+3Ies8=
github.com/golang/mock v0.0.0-20170822214903-18f6dd13ccdd h1:Rr4Ev5GzIQDhZzP52BY6rgiPvBN9Y5RzL4Xo7ZjPUuw=
github.com/golang/mock v0.0.0-20170822214903-18f6dd13ccdd/go.mod h1:oTYuIxOrZwtPieC+H1uAHpcLFnEyAGVDL/k47Jfbm0A=
github.com/golang/protobuf v0.0.0-20170902000452-17ce1425424a h1:pklYnGCcDc7eaFCzmrTM4fiNgWT5z49peC8hOVdDG88=
github.com/golang/protobuf v0.0.0-20170902000452-17ce1425424a/go.mod h1:6lQm79b+lXiMfvg/cZm0SGofjICqVBUtrP5yJMmIC1U=
github.com/jmespath/go-jmespath v0.0.0-20160803190731-bd40a432e4c7 h1:SMvOWPJCES2GdFracYbBQh93GXac8fq7HeN6JnpduB8=
github.com/jmespath/go-jmespath v0.0.0-20160803190731-bd40a432e4c7/go.mod h1:Nht3zPeWKUH0NzdCt2Blrr5ys8VGpn0CEB0cQHVjt7k=
github.com/jmespath/go-jmespath v0.0.0-20180206201540-c2b33e8439af h1:pmfjZENx5imkbgOkpRUYLnmbU7UEFbjtDA2hxJ1ichM=
github.com/jmespath/go-jmespath v0.0.0-20180206201540-c2b33e8439af/go.mod h1:Nht3zPeWKUH0NzdCt2Blrr5ys8VGpn0CEB0cQHVjt7k=
github.com/matttproud/golang_protobuf_extensions v1.0.1 h1:4hp9jkHxhMHkqkrB3Ix0jegS5sx/RkqARlsWZ6pIwiU=
github.com/matttproud/golang_protobuf_extensions v1.0.1/go.mod h1:D8He9yQNgCq6Z5Ld7szi9bcBfOoFv/3dc6xSMkL2PC0=
github.com/pmezard/go-difflib v1.0.0 h1:4DBwDE0NGyQoBHbLQYPwSUPoCMWR5BEzIk/f1lZbAQM=
github.com/pmezard/go-difflib v1.0.0/go.mod h1:iKH77koFhYxTK1pcRnkKkqfTogsbg7gZNVY4sRDYZ/4=
github.com/prometheus/client_golang v0.0.0-20170907150625-671c87b04728 h1:yNp9yRYg4pzicwWfndinGmVpP9Ip8EI1U93MtZWCdwg=
github.com/prometheus/client_golang v0.0.0-20170907150625-671c87b04728/go.mod h1:7SWBe2y4D6OKWSNQJUaRYU/AaXPKyh/dDVn+NZz0KFw=
github.com/prometheus/client_model v0.0.0-20170216185247-6f3806018612 h1:13pIdM2tpaDi4OVe24fgoIS7ZTqMt0QI+bwQsX5hq+g=
github.com/prometheus/client_model v0.0.0-20170216185247-6f3806018612/go.mod h1:MbSGuTsp3dbXC40dX6PRTWyKYBIrTGTE9sqQNg2J8bo=
github.com/prometheus/common v0.0.0-20170830190555-bc8b88226a12 h1:HNF6jAkmGi59kDBqYDDt5i6luIKlEWGOKEfel2vLRBY=
github.com/prometheus/common v0.0.0-20170830190555-bc8b88226a12/go.mod h1:daVV7qP5qjZbuso7PdcryaAu0sAZbrN9i7WWcTMWvro=
github.com/prometheus/procfs v0.0.0-20170703101242-e645f4e5aaa8 h1:Kh7M6mzRpQ2de1rixoSQZr4BTINXFm8WDbeN5ttnwyE=
github.com/prometheus/procfs v0.0.0-20170703101242-e645f4e5aaa8/go.mod h1:c3At6R/oaqEKCNdg8wHV1ftS6bRYblBhIjjI8uT2IGk=
github.com/slok/ecs-exporter v1.1.1 h1:pjhRxRcwHL/7bUv6PJ1GRtaEpEc8qZDPG4x6AKiEDL8=
github.com/slok/ecs-exporter v1.1.1/go.mod h1:Q0Ol4XYgrBsjuCuy1jhURQICXelAJSQN1jEIkXoyUIY=
github.com/stretchr/objx v0.1.0/go.mod h1:HFkY916IF+rwdDfMAkV7OtwuqBVzrE8GR6GFx+wExME=
github.com/stretchr/testify v1.4.0 h1:2E4SXV/wtOkTonXsotYi4li6zVWxYlZuYNCXe9XRJyk=
github.com/stretchr/testify v1.4.0/go.mod h1:j7eGeouHqKxXV5pUuKE4zz7dFj8WfuZ+81PSLYec5m4=
golang.org/x/crypto v0.0.0-20170825220121-81e90905daef h1:R8ubLIilYRXIXpgjOg2l/ECVs3HzVKIjJEhxSsQ91u4=
golang.org/x/crypto v0.0.0-20170825220121-81e90905daef/go.mod h1:6SG95UA2DQfeDnfUPMdvaQW0Q7yPrPDi9nlGo2tz2b4=
golang.org/x/sys v0.0.0-20170906000021-9aade4d3a3b7 h1:H4tV+g1iZRrnEh9Xnm1S1tfjIh5g2AbaQHpu5Txy3Is=
golang.org/x/sys v0.0.0-20170906000021-9aade4d3a3b7/go.mod h1:STP8DvDyc/dI5b8T5hshtkjS+E42TnysNCUPdjciGhY=
gopkg.in/check.v1 v0.0.0-20161208181325-20d25e280405/go.mod h1:Co6ibVJAznAaIkqp8huTwlJQCZ016jof/cbN4VW5Yz0=
gopkg.in/yaml.v2 v2.2.2 h1:ZCJp+EgiOT7lHqUV2J862kp8Qj64Jo6az82+3Td9dZw=
gopkg.in/yaml.v2 v2.2.2/go.mod h1:hI93XBmqTisBFMUTm0b8Fm+jr3Dg1NNxqwp+5A1VGuI=
